
Microsoft Visual Studio Solution File, Format Version 12.00
# Visual Studio 15
VisualStudioVersion = 15.0.26124.0
MinimumVisualStudioVersion = 15.0.26124.0
Project("{9A19103F-16F7-4668-BE54-9A1E7A4F7556}") = "FbMessenger.Messaging", "FbMessenger.Messaging\FbMessenger.Messaging.csproj", "{DE4A6667-1A0E-4F45-9960-FD6CAFBCC1DA}"
EndProject
Project("{9A19103F-16F7-4668-BE54-9A1E7A4F7556}") = "FbMessenger.WebhookEvents", "FbMessenger.WebhookEvents\FbMessenger.WebhookEvents.csproj", "{420A8A04-9F5C-4AE7-9056-54A15EF5A900}"
EndProject
Project("{2150E333-8FDC-42A3-9474-1A3956D46DE8}") = "Tests", "Tests", "{133C3175-17AB-4C08-AE6F-9ECC2891EB71}"
EndProject
Project("{9A19103F-16F7-4668-BE54-9A1E7A4F7556}") = "FbMessenger.Messaging.Tests", "Tests\FbMessenger.Messaging.Tests\FbMessenger.Messaging.Tests.csproj", "{C66B0831-13DF-427E-837E-09E37B288845}"
EndProject
Project("{FAE04EC0-301F-11D3-BF4B-00C04F79EFBC}") = "FbMessenger.SendApiServices", "FbMessenger.SendApiServices\FbMessenger.SendApiServices.csproj", "{CD4D5FF5-0B46-4012-B7C7-73934595A9C1}"
EndProject
Global
	GlobalSection(SolutionConfigurationPlatforms) = preSolution
		Debug|Any CPU = Debug|Any CPU
		Debug|x64 = Debug|x64
		Debug|x86 = Debug|x86
		Release|Any CPU = Release|Any CPU
		Release|x64 = Release|x64
		Release|x86 = Release|x86
	EndGlobalSection
	GlobalSection(ProjectConfigurationPlatforms) = postSolution
		{DE4A6667-1A0E-4F45-9960-FD6CAFBCC1DA}.Debug|Any CPU.ActiveCfg = Debug|Any CPU
		{DE4A6667-1A0E-4F45-9960-FD6CAFBCC1DA}.Debug|Any CPU.Build.0 = Debug|Any CPU
		{DE4A6667-1A0E-4F45-9960-FD6CAFBCC1DA}.Debug|x64.ActiveCfg = Debug|Any CPU
		{DE4A6667-1A0E-4F45-9960-FD6CAFBCC1DA}.Debug|x64.Build.0 = Debug|Any CPU
		{DE4A6667-1A0E-4F45-9960-FD6CAFBCC1DA}.Debug|x86.ActiveCfg = Debug|Any CPU
		{DE4A6667-1A0E-4F45-9960-FD6CAFBCC1DA}.Debug|x86.Build.0 = Debug|Any CPU
		{DE4A6667-1A0E-4F45-9960-FD6CAFBCC1DA}.Release|Any CPU.ActiveCfg = Release|Any CPU
		{DE4A6667-1A0E-4F45-9960-FD6CAFBCC1DA}.Release|Any CPU.Build.0 = Release|Any CPU
		{DE4A6667-1A0E-4F45-9960-FD6CAFBCC1DA}.Release|x64.ActiveCfg = Release|Any CPU
		{DE4A6667-1A0E-4F45-9960-FD6CAFBCC1DA}.Release|x64.Build.0 = Release|Any CPU
		{DE4A6667-1A0E-4F45-9960-FD6CAFBCC1DA}.Release|x86.ActiveCfg = Release|Any CPU
		{DE4A6667-1A0E-4F45-9960-FD6CAFBCC1DA}.Release|x86.Build.0 = Release|Any CPU
		{420A8A04-9F5C-4AE7-9056-54A15EF5A900}.Debug|Any CPU.ActiveCfg = Debug|Any CPU
		{420A8A04-9F5C-4AE7-9056-54A15EF5A900}.Debug|Any CPU.Build.0 = Debug|Any CPU
		{420A8A04-9F5C-4AE7-9056-54A15EF5A900}.Debug|x64.ActiveCfg = Debug|Any CPU
		{420A8A04-9F5C-4AE7-9056-54A15EF5A900}.Debug|x64.Build.0 = Debug|Any CPU
		{420A8A04-9F5C-4AE7-9056-54A15EF5A900}.Debug|x86.ActiveCfg = Debug|Any CPU
		{420A8A04-9F5C-4AE7-9056-54A15EF5A900}.Debug|x86.Build.0 = Debug|Any CPU
		{420A8A04-9F5C-4AE7-9056-54A15EF5A900}.Release|Any CPU.ActiveCfg = Release|Any CPU
		{420A8A04-9F5C-4AE7-9056-54A15EF5A900}.Release|Any CPU.Build.0 = Release|Any CPU
		{420A8A04-9F5C-4AE7-9056-54A15EF5A900}.Release|x64.ActiveCfg = Release|Any CPU
		{420A8A04-9F5C-4AE7-9056-54A15EF5A900}.Release|x64.Build.0 = Release|Any CPU
		{420A8A04-9F5C-4AE7-9056-54A15EF5A900}.Release|x86.ActiveCfg = Release|Any CPU
		{420A8A04-9F5C-4AE7-9056-54A15EF5A900}.Release|x86.Build.0 = Release|Any CPU
		{C66B0831-13DF-427E-837E-09E37B288845}.Debug|Any CPU.ActiveCfg = Debug|Any CPU
		{C66B0831-13DF-427E-837E-09E37B288845}.Debug|Any CPU.Build.0 = Debug|Any CPU
		{C66B0831-13DF-427E-837E-09E37B288845}.Debug|x64.ActiveCfg = Debug|Any CPU
		{C66B0831-13DF-427E-837E-09E37B288845}.Debug|x64.Build.0 = Debug|Any CPU
		{C66B0831-13DF-427E-837E-09E37B288845}.Debug|x86.ActiveCfg = Debug|Any CPU
		{C66B0831-13DF-427E-837E-09E37B288845}.Debug|x86.Build.0 = Debug|Any CPU
		{C66B0831-13DF-427E-837E-09E37B288845}.Release|Any CPU.ActiveCfg = Release|Any CPU
		{C66B0831-13DF-427E-837E-09E37B288845}.Release|Any CPU.Build.0 = Release|Any CPU
		{C66B0831-13DF-427E-837E-09E37B288845}.Release|x64.ActiveCfg = Release|Any CPU
		{C66B0831-13DF-427E-837E-09E37B288845}.Release|x64.Build.0 = Release|Any CPU
		{C66B0831-13DF-427E-837E-09E37B288845}.Release|x86.ActiveCfg = Release|Any CPU
		{C66B0831-13DF-427E-837E-09E37B288845}.Release|x86.Build.0 = Release|Any CPU
		{CD4D5FF5-0B46-4012-B7C7-73934595A9C1}.Debug|Any CPU.ActiveCfg = Debug|Any CPU
		{CD4D5FF5-0B46-4012-B7C7-73934595A9C1}.Debug|Any CPU.Build.0 = Debug|Any CPU
		{CD4D5FF5-0B46-4012-B7C7-73934595A9C1}.Debug|x64.ActiveCfg = Debug|Any CPU
		{CD4D5FF5-0B46-4012-B7C7-73934595A9C1}.Debug|x64.Build.0 = Debug|Any CPU
		{CD4D5FF5-0B46-4012-B7C7-73934595A9C1}.Debug|x86.ActiveCfg = Debug|Any CPU
		{CD4D5FF5-0B46-4012-B7C7-73934595A9C1}.Debug|x86.Build.0 = Debug|Any CPU
		{CD4D5FF5-0B46-4012-B7C7-73934595A9C1}.Release|Any CPU.ActiveCfg = Release|Any CPU
		{CD4D5FF5-0B46-4012-B7C7-73934595A9C1}.Release|Any CPU.Build.0 = Release|Any CPU
		{CD4D5FF5-0B46-4012-B7C7-73934595A9C1}.Release|x64.ActiveCfg = Release|Any CPU
		{CD4D5FF5-0B46-4012-B7C7-73934595A9C1}.Release|x64.Build.0 = Release|Any CPU
		{CD4D5FF5-0B46-4012-B7C7-73934595A9C1}.Release|x86.ActiveCfg = Release|Any CPU
		{CD4D5FF5-0B46-4012-B7C7-73934595A9C1}.Release|x86.Build.0 = Release|Any CPU
	EndGlobalSection
	GlobalSection(SolutionProperties) = preSolution
		HideSolutionNode = FALSE
	EndGlobalSection
	GlobalSection(NestedProjects) = preSolution
		{C66B0831-13DF-427E-837E-09E37B288845} = {133C3175-17AB-4C08-AE6F-9ECC2891EB71}
	EndGlobalSection
	GlobalSection(ExtensibilityGlobals) = postSolution
		SolutionGuid = {B2500F80-5905-4579-A916-76B6C41F9FC1}
	EndGlobalSection
EndGlobal
