
Microsoft Visual Studio Solution File, Format Version 12.00
# Visual Studio 15
VisualStudioVersion = 15.0.26124.0
MinimumVisualStudioVersion = 15.0.26124.0
Project("{9A19103F-16F7-4668-BE54-9A1E7A4F7556}") = "FbMessengerClient.Messaging", "FbMessengerClient.Messaging\FbMessengerClient.Messaging.csproj", "{DE4A6667-1A0E-4F45-9960-FD6CAFBCC1DA}"
EndProject
Project("{FAE04EC0-301F-11D3-BF4B-00C04F79EFBC}") = "FbMessengerClient.WebhookEvents", "FbMessengerClient.WebhookEvents\FbMessengerClient.WebhookEvents.csproj", "{420A8A04-9F5C-4AE7-9056-54A15EF5A900}"
EndProject
Global
	GlobalSection(SolutionConfigurationPlatforms) = preSolution
		Debug|Any CPU = Debug|Any CPU
		Debug|x64 = Debug|x64
		Debug|x86 = Debug|x86
		Release|Any CPU = Release|Any CPU
		Release|x64 = Release|x64
		Release|x86 = Release|x86
	EndGlobalSection
	GlobalSection(ProjectConfigurationPlatforms) = postSolution
		{DE4A6667-1A0E-4F45-9960-FD6CAFBCC1DA}.Debug|Any CPU.ActiveCfg = Debug|Any CPU
		{DE4A6667-1A0E-4F45-9960-FD6CAFBCC1DA}.Debug|Any CPU.Build.0 = Debug|Any CPU
		{DE4A6667-1A0E-4F45-9960-FD6CAFBCC1DA}.Debug|x64.ActiveCfg = Debug|Any CPU
		{DE4A6667-1A0E-4F45-9960-FD6CAFBCC1DA}.Debug|x64.Build.0 = Debug|Any CPU
		{DE4A6667-1A0E-4F45-9960-FD6CAFBCC1DA}.Debug|x86.ActiveCfg = Debug|Any CPU
		{DE4A6667-1A0E-4F45-9960-FD6CAFBCC1DA}.Debug|x86.Build.0 = Debug|Any CPU
		{DE4A6667-1A0E-4F45-9960-FD6CAFBCC1DA}.Release|Any CPU.ActiveCfg = Release|Any CPU
		{DE4A6667-1A0E-4F45-9960-FD6CAFBCC1DA}.Release|Any CPU.Build.0 = Release|Any CPU
		{DE4A6667-1A0E-4F45-9960-FD6CAFBCC1DA}.Release|x64.ActiveCfg = Release|Any CPU
		{DE4A6667-1A0E-4F45-9960-FD6CAFBCC1DA}.Release|x64.Build.0 = Release|Any CPU
		{DE4A6667-1A0E-4F45-9960-FD6CAFBCC1DA}.Release|x86.ActiveCfg = Release|Any CPU
		{DE4A6667-1A0E-4F45-9960-FD6CAFBCC1DA}.Release|x86.Build.0 = Release|Any CPU
		{420A8A04-9F5C-4AE7-9056-54A15EF5A900}.Debug|Any CPU.ActiveCfg = Debug|Any CPU
		{420A8A04-9F5C-4AE7-9056-54A15EF5A900}.Debug|Any CPU.Build.0 = Debug|Any CPU
		{420A8A04-9F5C-4AE7-9056-54A15EF5A900}.Debug|x64.ActiveCfg = Debug|Any CPU
		{420A8A04-9F5C-4AE7-9056-54A15EF5A900}.Debug|x64.Build.0 = Debug|Any CPU
		{420A8A04-9F5C-4AE7-9056-54A15EF5A900}.Debug|x86.ActiveCfg = Debug|Any CPU
		{420A8A04-9F5C-4AE7-9056-54A15EF5A900}.Debug|x86.Build.0 = Debug|Any CPU
		{420A8A04-9F5C-4AE7-9056-54A15EF5A900}.Release|Any CPU.ActiveCfg = Release|Any CPU
		{420A8A04-9F5C-4AE7-9056-54A15EF5A900}.Release|Any CPU.Build.0 = Release|Any CPU
		{420A8A04-9F5C-4AE7-9056-54A15EF5A900}.Release|x64.ActiveCfg = Release|Any CPU
		{420A8A04-9F5C-4AE7-9056-54A15EF5A900}.Release|x64.Build.0 = Release|Any CPU
		{420A8A04-9F5C-4AE7-9056-54A15EF5A900}.Release|x86.ActiveCfg = Release|Any CPU
		{420A8A04-9F5C-4AE7-9056-54A15EF5A900}.Release|x86.Build.0 = Release|Any CPU
	EndGlobalSection
	GlobalSection(SolutionProperties) = preSolution
		HideSolutionNode = FALSE
	EndGlobalSection
	GlobalSection(ExtensibilityGlobals) = postSolution
		SolutionGuid = {B2500F80-5905-4579-A916-76B6C41F9FC1}
	EndGlobalSection
EndGlobal
